
Microsoft Visual Studio Solution File, Format Version 12.00
# Visual Studio Version 16
VisualStudioVersion = 16.0.30711.63
MinimumVisualStudioVersion = 10.0.40219.1
Project("{2150E333-8FDC-42A3-9474-1A3956D46DE8}") = "Domain", "Domain", "{5A613CB7-A9A3-4838-8AC8-6F99F957EA1E}"
EndProject
Project("{9A19103F-16F7-4668-BE54-9A1E7A4F7556}") = "Resume.Domain", "Resume.Domain\Resume.Domain.csproj", "{960D3875-FD1B-4380-B0FC-6B2C1CC92A7E}"
EndProject
Project("{9A19103F-16F7-4668-BE54-9A1E7A4F7556}") = "Resume.Domain.Tests", "Resume.Domain.Tests\Resume.Domain.Tests.csproj", "{243649AB-15A9-42FC-BD2B-29712B145FB8}"
EndProject
Project("{2150E333-8FDC-42A3-9474-1A3956D46DE8}") = "Application", "Application", "{497FC353-A4E1-48EF-8813-E9105E8A8908}"
EndProject
Project("{2150E333-8FDC-42A3-9474-1A3956D46DE8}") = "Presentation", "Presentation", "{07204101-7795-4ACC-A00D-BF572C3F7E4A}"
EndProject
Project("{9A19103F-16F7-4668-BE54-9A1E7A4F7556}") = "Resume.Web", "Resume.Web\Resume.Web.csproj", "{32203595-B8F7-4E66-BB3C-27C40108696B}"
EndProject
Project("{9A19103F-16F7-4668-BE54-9A1E7A4F7556}") = "Resume.Application", "Resume.Application\Resume.Application.csproj", "{76DD482B-EB67-4C1F-8CEB-8C4569742EA2}"
EndProject
Project("{2150E333-8FDC-42A3-9474-1A3956D46DE8}") = "Server", "Server", "{5FD2A04B-CC97-4959-B222-9A0A8598DD07}"
EndProject
Project("{9A19103F-16F7-4668-BE54-9A1E7A4F7556}") = "Resume.Server", "Resume.Server\Resume.Server.csproj", "{A7E8C9B0-7AB3-4180-BCA4-E316126B4F3D}"
EndProject
Project("{2150E333-8FDC-42A3-9474-1A3956D46DE8}") = "Infrastructure", "Infrastructure", "{D1429D97-3844-4728-9B31-56280611178B}"
EndProject
Project("{9A19103F-16F7-4668-BE54-9A1E7A4F7556}") = "Resume.Grpc", "Resume.Grpc\Resume.Grpc.csproj", "{4C30FD57-2FD2-4793-BB92-BF2C31F6CC02}"
EndProject
Global
	GlobalSection(SolutionConfigurationPlatforms) = preSolution
		Debug|Any CPU = Debug|Any CPU
		Release|Any CPU = Release|Any CPU
	EndGlobalSection
	GlobalSection(ProjectConfigurationPlatforms) = postSolution
		{960D3875-FD1B-4380-B0FC-6B2C1CC92A7E}.Debug|Any CPU.ActiveCfg = Debug|Any CPU
		{960D3875-FD1B-4380-B0FC-6B2C1CC92A7E}.Debug|Any CPU.Build.0 = Debug|Any CPU
		{960D3875-FD1B-4380-B0FC-6B2C1CC92A7E}.Release|Any CPU.ActiveCfg = Release|Any CPU
		{960D3875-FD1B-4380-B0FC-6B2C1CC92A7E}.Release|Any CPU.Build.0 = Release|Any CPU
		{243649AB-15A9-42FC-BD2B-29712B145FB8}.Debug|Any CPU.ActiveCfg = Debug|Any CPU
		{243649AB-15A9-42FC-BD2B-29712B145FB8}.Debug|Any CPU.Build.0 = Debug|Any CPU
		{243649AB-15A9-42FC-BD2B-29712B145FB8}.Release|Any CPU.ActiveCfg = Release|Any CPU
		{243649AB-15A9-42FC-BD2B-29712B145FB8}.Release|Any CPU.Build.0 = Release|Any CPU
		{32203595-B8F7-4E66-BB3C-27C40108696B}.Debug|Any CPU.ActiveCfg = Debug|Any CPU
		{32203595-B8F7-4E66-BB3C-27C40108696B}.Debug|Any CPU.Build.0 = Debug|Any CPU
		{32203595-B8F7-4E66-BB3C-27C40108696B}.Release|Any CPU.ActiveCfg = Release|Any CPU
		{32203595-B8F7-4E66-BB3C-27C40108696B}.Release|Any CPU.Build.0 = Release|Any CPU
		{76DD482B-EB67-4C1F-8CEB-8C4569742EA2}.Debug|Any CPU.ActiveCfg = Debug|Any CPU
		{76DD482B-EB67-4C1F-8CEB-8C4569742EA2}.Debug|Any CPU.Build.0 = Debug|Any CPU
		{76DD482B-EB67-4C1F-8CEB-8C4569742EA2}.Release|Any CPU.ActiveCfg = Release|Any CPU
		{76DD482B-EB67-4C1F-8CEB-8C4569742EA2}.Release|Any CPU.Build.0 = Release|Any CPU
		{A7E8C9B0-7AB3-4180-BCA4-E316126B4F3D}.Debug|Any CPU.ActiveCfg = Debug|Any CPU
		{A7E8C9B0-7AB3-4180-BCA4-E316126B4F3D}.Debug|Any CPU.Build.0 = Debug|Any CPU
		{A7E8C9B0-7AB3-4180-BCA4-E316126B4F3D}.Release|Any CPU.ActiveCfg = Release|Any CPU
		{A7E8C9B0-7AB3-4180-BCA4-E316126B4F3D}.Release|Any CPU.Build.0 = Release|Any CPU
		{4C30FD57-2FD2-4793-BB92-BF2C31F6CC02}.Debug|Any CPU.ActiveCfg = Debug|Any CPU
		{4C30FD57-2FD2-4793-BB92-BF2C31F6CC02}.Debug|Any CPU.Build.0 = Debug|Any CPU
		{4C30FD57-2FD2-4793-BB92-BF2C31F6CC02}.Release|Any CPU.ActiveCfg = Release|Any CPU
		{4C30FD57-2FD2-4793-BB92-BF2C31F6CC02}.Release|Any CPU.Build.0 = Release|Any CPU
	EndGlobalSection
	GlobalSection(SolutionProperties) = preSolution
		HideSolutionNode = FALSE
	EndGlobalSection
	GlobalSection(NestedProjects) = preSolution
		{960D3875-FD1B-4380-B0FC-6B2C1CC92A7E} = {5A613CB7-A9A3-4838-8AC8-6F99F957EA1E}
		{243649AB-15A9-42FC-BD2B-29712B145FB8} = {5A613CB7-A9A3-4838-8AC8-6F99F957EA1E}
		{32203595-B8F7-4E66-BB3C-27C40108696B} = {07204101-7795-4ACC-A00D-BF572C3F7E4A}
		{76DD482B-EB67-4C1F-8CEB-8C4569742EA2} = {497FC353-A4E1-48EF-8813-E9105E8A8908}
		{A7E8C9B0-7AB3-4180-BCA4-E316126B4F3D} = {5FD2A04B-CC97-4959-B222-9A0A8598DD07}
		{4C30FD57-2FD2-4793-BB92-BF2C31F6CC02} = {D1429D97-3844-4728-9B31-56280611178B}
	EndGlobalSection
	GlobalSection(ExtensibilityGlobals) = postSolution
		SolutionGuid = {6E2DE830-5D0B-4775-9636-E223DB5B7DB1}
	EndGlobalSection
EndGlobal
